hash: e497f781383412b1836442032e3240da2959e12e39c85d03be003be91927063c
updated: 2018-10-20T20:51:03.691362+02:00
imports:
- name: github.com/gempir/go-twitch-irc
  version: 8eeae22f5619a5d617f9683029910c58ae1b1cb0
- name: github.com/go-ini/ini
  version: 9c8236e659b76e87bf02044d06fde8683008ff3e
- name: github.com/go-sql-driver/mysql
  version: 7daee5be2a29576f4bada53f3754b8cf886772a6
- name: github.com/konsorten/go-windows-terminal-sequences
  version: 5c8c8bd35d3832f5d134ae1e1e375b69a4d25242
- name: github.com/minio/minio-go
  version: 31e3bbc8590bf72d763be83a191836f02eb61437
  subpackages:
  - pkg/credentials
  - pkg/encrypt
  - pkg/s3signer
  - pkg/s3utils
  - pkg/set
- name: github.com/mitchellh/go-homedir
  version: ae18d6b8b3205b561c79e8e5f69bff09736185f4
- name: github.com/sirupsen/logrus
  version: 08e90462da344fbb3880e8e47a0ddacc37508579
- name: golang.org/x/crypto
  version: 0c41d7ab0a0ee717d4590a44bcb987dfd9e183eb
  subpackages:
  - argon2
  - blake2b
  - ssh/terminal
- name: golang.org/x/net
  version: 04a2e542c03f1d053ab3e4d6e5abcd4b66e2be8e
  subpackages:
  - http/httpguts
  - idna
- name: golang.org/x/sys
  version: 8e24a49d80f82323e1c4db1b5da3e0f31171a151
  subpackages:
  - cpu
  - unix
  - windows
- name: golang.org/x/text
  version: 4d1c5fb19474adfe9562c9847ba425e7da817e81
  subpackages:
  - secure/bidirule
  - transform
  - unicode/bidi
  - unicode/norm
- name: google.golang.org/appengine
  version: ae0ab99deb4dc413a2b4bd6c8bdd0eb67f1e4d06
  subpackages:
  - cloudsql
testImports: []
